
Microsoft Visual Studio Solution File, Format Version 12.00
# Visual Studio Version 17
VisualStudioVersion = 17.4.33213.308
MinimumVisualStudioVersion = 10.0.40219.1
Project("{FAE04EC0-301F-11D3-BF4B-00C04F79EFBC}") = "EFWebProject", "EFWebProject\EFWebProject.csproj", "{9CFADBA8-77AC-4FB5-BFED-3D48491EA65A}"
EndProject
Project("{FAE04EC0-301F-11D3-BF4B-00C04F79EFBC}") = "EFDataAccess", "EFDataAccess\EFDataAccess.csproj", "{83E2995A-381A-4F97-8B1F-93EF97F7C243}"
EndProject
Global
	GlobalSection(SolutionConfigurationPlatforms) = preSolution
		Debug|Any CPU = Debug|Any CPU
		Release|Any CPU = Release|Any CPU
	EndGlobalSection
	GlobalSection(ProjectConfigurationPlatforms) = postSolution
		{9CFADBA8-77AC-4FB5-BFED-3D48491EA65A}.Debug|Any CPU.ActiveCfg = Debug|Any CPU
		{9CFADBA8-77AC-4FB5-BFED-3D48491EA65A}.Debug|Any CPU.Build.0 = Debug|Any CPU
		{9CFADBA8-77AC-4FB5-BFED-3D48491EA65A}.Release|Any CPU.ActiveCfg = Release|Any CPU
		{9CFADBA8-77AC-4FB5-BFED-3D48491EA65A}.Release|Any CPU.Build.0 = Release|Any CPU
		{83E2995A-381A-4F97-8B1F-93EF97F7C243}.Debug|Any CPU.ActiveCfg = Debug|Any CPU
		{83E2995A-381A-4F97-8B1F-93EF97F7C243}.Debug|Any CPU.Build.0 = Debug|Any CPU
		{83E2995A-381A-4F97-8B1F-93EF97F7C243}.Release|Any CPU.ActiveCfg = Release|Any CPU
		{83E2995A-381A-4F97-8B1F-93EF97F7C243}.Release|Any CPU.Build.0 = Release|Any CPU
	EndGlobalSection
	GlobalSection(SolutionProperties) = preSolution
		HideSolutionNode = FALSE
	EndGlobalSection
	GlobalSection(ExtensibilityGlobals) = postSolution
		SolutionGuid = {B6929447-B31C-4F62-A126-4183E64D331E}
	EndGlobalSection
EndGlobal
